// !$*UTF8*$!
{
	archiveVersion = 1;
	classes = {
	};
	objectVersion = 56;
	objects = {

/* Begin PBXBuildFile section */
		3FC9BD04781722448E051571 /* Pods_Messenger.framework in Frameworks */ = {isa = PBXBuildFile; fileRef = 6EDA0E05AAEA44D133295110 /* Pods_Messenger.framework */; };
		D831E50829FE41AE00E7B57B /* GoogleService-Info.plist in Resources */ = {isa = PBXBuildFile; fileRef = D831E50729FE41AD00E7B57B /* GoogleService-Info.plist */; };
		D8A4DCDA29FD91690040F9DC /* AppDelegate.swift in Sources */ = {isa = PBXBuildFile; fileRef = D8A4DCD929FD91690040F9DC /* AppDelegate.swift */; };
		D8A4DCDC29FD91690040F9DC /* SceneDelegate.swift in Sources */ = {isa = PBXBuildFile; fileRef = D8A4DCDB29FD91690040F9DC /* SceneDelegate.swift */; };
		D8A4DCDE29FD91690040F9DC /* ConversationsViewController.swift in Sources */ = {isa = PBXBuildFile; fileRef = D8A4DCDD29FD91690040F9DC /* ConversationsViewController.swift */; };
		D8A4DCE129FD91690040F9DC /* Main.storyboard in Resources */ = {isa = PBXBuildFile; fileRef = D8A4DCDF29FD91690040F9DC /* Main.storyboard */; };
		D8A4DCE329FD916A0040F9DC /* Assets.xcassets in Resources */ = {isa = PBXBuildFile; fileRef = D8A4DCE229FD916A0040F9DC /* Assets.xcassets */; };
		D8A4DCE629FD916A0040F9DC /* LaunchScreen.storyboard in Resources */ = {isa = PBXBuildFile; fileRef = D8A4DCE429FD916A0040F9DC /* LaunchScreen.storyboard */; };
		D8A4DCF429FDA73F0040F9DC /* LoginViewController.swift in Sources */ = {isa = PBXBuildFile; fileRef = D8A4DCF329FDA73F0040F9DC /* LoginViewController.swift */; };
		D8A4DCF829FDA7960040F9DC /* PhotoViewerViewController.swift in Sources */ = {isa = PBXBuildFile; fileRef = D8A4DCF729FDA7960040F9DC /* PhotoViewerViewController.swift */; };
		D8A4DCFA29FDA7B20040F9DC /* VideoPlayerViewController.swift in Sources */ = {isa = PBXBuildFile; fileRef = D8A4DCF929FDA7B20040F9DC /* VideoPlayerViewController.swift */; };
		D8A4DCFC29FDA7FB0040F9DC /* NewConvesationViewController.swift in Sources */ = {isa = PBXBuildFile; fileRef = D8A4DCFB29FDA7FB0040F9DC /* NewConvesationViewController.swift */; };
		D8A4DCFE29FDA8220040F9DC /* ProfileViewController.swift in Sources */ = {isa = PBXBuildFile; fileRef = D8A4DCFD29FDA8220040F9DC /* ProfileViewController.swift */; };
		D8A4DD0229FDA9A40040F9DC /* RegisterViewController.swift in Sources */ = {isa = PBXBuildFile; fileRef = D8A4DD0129FDA9A40040F9DC /* RegisterViewController.swift */; };
		D8A4DD0629FDB4A30040F9DC /* Extension.swift in Sources */ = {isa = PBXBuildFile; fileRef = D8A4DD0529FDB4A30040F9DC /* Extension.swift */; };
/* End PBXBuildFile section */

/* Begin PBXFileReference section */
		1C58965CCEACB9EC378A29A6 /* Pods-Messenger.debug.xcconfig */ = {isa = PBXFileReference; includeInIndex = 1; lastKnownFileType = text.xcconfig; name = "Pods-Messenger.debug.xcconfig"; path = "Target Support Files/Pods-Messenger/Pods-Messenger.debug.xcconfig"; sourceTree = "<group>"; };
		27E9DD4B7CD0A4809ED4F27B /* Pods-Messenger.release.xcconfig */ = {isa = PBXFileReference; includeInIndex = 1; lastKnownFileType = text.xcconfig; name = "Pods-Messenger.release.xcconfig"; path = "Target Support Files/Pods-Messenger/Pods-Messenger.release.xcconfig"; sourceTree = "<group>"; };
		6EDA0E05AAEA44D133295110 /* Pods_Messenger.framework */ = {isa = PBXFileReference; explicitFileType = wrapper.framework; includeInIndex = 0; path = Pods_Messenger.framework; sourceTree = BUILT_PRODUCTS_DIR; };
		D831E50729FE41AD00E7B57B /* GoogleService-Info.plist */ = {isa = PBXFileReference; fileEncoding = 4; lastKnownFileType = text.plist.xml; path = "GoogleService-Info.plist"; sourceTree = "<group>"; };
		D8A4DCD629FD91690040F9DC /* Messenger.app */ = {isa = PBXFileReference; explicitFileType = wrapper.application; includeInIndex = 0; path = Messenger.app; sourceTree = BUILT_PRODUCTS_DIR; };
		D8A4DCD929FD91690040F9DC /* AppDelegate.swift */ = {isa = PBXFileReference; lastKnownFileType = sourcecode.swift; path = AppDelegate.swift; sourceTree = "<group>"; };
		D8A4DCDB29FD91690040F9DC /* SceneDelegate.swift */ = {isa = PBXFileReference; lastKnownFileType = sourcecode.swift; path = SceneDelegate.swift; sourceTree = "<group>"; };
		D8A4DCDD29FD91690040F9DC /* ConversationsViewController.swift */ = {isa = PBXFileReference; lastKnownFileType = sourcecode.swift; path = ConversationsViewController.swift; sourceTree = "<group>"; };
		D8A4DCE029FD91690040F9DC /* Base */ = {isa = PBXFileReference; lastKnownFileType = file.storyboard; name = Base; path = Base.lproj/Main.storyboard; sourceTree = "<group>"; };
		D8A4DCE229FD916A0040F9DC /* Assets.xcassets */ = {isa = PBXFileReference; lastKnownFileType = folder.assetcatalog; path = Assets.xcassets; sourceTree = "<group>"; };
		D8A4DCE529FD916A0040F9DC /* Base */ = {isa = PBXFileReference; lastKnownFileType = file.storyboard; name = Base; path = Base.lproj/LaunchScreen.storyboard; sourceTree = "<group>"; };
		D8A4DCE729FD916A0040F9DC /* Info.plist */ = {isa = PBXFileReference; lastKnownFileType = text.plist.xml; path = Info.plist; sourceTree = "<group>"; };
		D8A4DCF329FDA73F0040F9DC /* LoginViewController.swift */ = {isa = PBXFileReference; lastKnownFileType = sourcecode.swift; path = LoginViewController.swift; sourceTree = "<group>"; };
		D8A4DCF729FDA7960040F9DC /* PhotoViewerViewController.swift */ = {isa = PBXFileReference; lastKnownFileType = sourcecode.swift; path = PhotoViewerViewController.swift; sourceTree = "<group>"; };
		D8A4DCF929FDA7B20040F9DC /* VideoPlayerViewController.swift */ = {isa = PBXFileReference; lastKnownFileType = sourcecode.swift; path = VideoPlayerViewController.swift; sourceTree = "<group>"; };
		D8A4DCFB29FDA7FB0040F9DC /* NewConvesationViewController.swift */ = {isa = PBXFileReference; lastKnownFileType = sourcecode.swift; path = NewConvesationViewController.swift; sourceTree = "<group>"; };
		D8A4DCFD29FDA8220040F9DC /* ProfileViewController.swift */ = {isa = PBXFileReference; lastKnownFileType = sourcecode.swift; path = ProfileViewController.swift; sourceTree = "<group>"; };
		D8A4DD0129FDA9A40040F9DC /* RegisterViewController.swift */ = {isa = PBXFileReference; lastKnownFileType = sourcecode.swift; path = RegisterViewController.swift; sourceTree = "<group>"; };
		D8A4DD0529FDB4A30040F9DC /* Extension.swift */ = {isa = PBXFileReference; lastKnownFileType = sourcecode.swift; path = Extension.swift; sourceTree = "<group>"; };
/* End PBXFileReference section */

/* Begin PBXFrameworksBuildPhase section */
		D8A4DCD329FD91690040F9DC /* Frameworks */ = {
			isa = PBXFrameworksBuildPhase;
			buildActionMask = 2147483647;
			files = (
				3FC9BD04781722448E051571 /* Pods_Messenger.framework in Frameworks */,
			);
			runOnlyForDeploymentPostprocessing = 0;
		};
/* End PBXFrameworksBuildPhase section */

/* Begin PBXGroup section */
		B462AAFC3FF6D8B3262F18A3 /* Pods */ = {
			isa = PBXGroup;
			children = (
				1C58965CCEACB9EC378A29A6 /* Pods-Messenger.debug.xcconfig */,
				27E9DD4B7CD0A4809ED4F27B /* Pods-Messenger.release.xcconfig */,
			);
			path = Pods;
			sourceTree = "<group>";
		};
		C30FDD2935DD533144B23FA4 /* Frameworks */ = {
			isa = PBXGroup;
			children = (
				6EDA0E05AAEA44D133295110 /* Pods_Messenger.framework */,
			);
			name = Frameworks;
			sourceTree = "<group>";
		};
		D8A4DCCD29FD91690040F9DC = {
			isa = PBXGroup;
			children = (
				D8A4DCD829FD91690040F9DC /* Messenger */,
				D8A4DCD729FD91690040F9DC /* Products */,
				B462AAFC3FF6D8B3262F18A3 /* Pods */,
				C30FDD2935DD533144B23FA4 /* Frameworks */,
			);
			sourceTree = "<group>";
		};
		D8A4DCD729FD91690040F9DC /* Products */ = {
			isa = PBXGroup;
			children = (
				D8A4DCD629FD91690040F9DC /* Messenger.app */,
			);
			name = Products;
			sourceTree = "<group>";
		};
		D8A4DCD829FD91690040F9DC /* Messenger */ = {
			isa = PBXGroup;
			children = (
				D831E50729FE41AD00E7B57B /* GoogleService-Info.plist */,
				D8A4DCF129FDA4A50040F9DC /* Resources */,
				D8A4DCF029FDA4910040F9DC /* ViewModels */,
				D8A4DCEF29FDA4830040F9DC /* Models */,
				D8A4DCEE29FDA4770040F9DC /* Views */,
				D8A4DCED29FDA45D0040F9DC /* Controllers */,
				D8A4DCE729FD916A0040F9DC /* Info.plist */,
			);
			path = Messenger;
			sourceTree = "<group>";
		};
		D8A4DCED29FDA45D0040F9DC /* Controllers */ = {
			isa = PBXGroup;
			children = (
				D8A4DD0429FDAA030040F9DC /* Login */,
				D8A4DCDD29FD91690040F9DC /* ConversationsViewController.swift */,
				D8A4DCF729FDA7960040F9DC /* PhotoViewerViewController.swift */,
				D8A4DCF929FDA7B20040F9DC /* VideoPlayerViewController.swift */,
				D8A4DCFB29FDA7FB0040F9DC /* NewConvesationViewController.swift */,
				D8A4DCFD29FDA8220040F9DC /* ProfileViewController.swift */,
			);
			path = Controllers;
			sourceTree = "<group>";
		};
		D8A4DCEE29FDA4770040F9DC /* Views */ = {
			isa = PBXGroup;
			children = (
				D8A4DCF229FDA5280040F9DC /* Storyboards */,
				D8A4DCE229FD916A0040F9DC /* Assets.xcassets */,
			);
			path = Views;
			sourceTree = "<group>";
		};
		D8A4DCEF29FDA4830040F9DC /* Models */ = {
			isa = PBXGroup;
			children = (
			);
			path = Models;
			sourceTree = "<group>";
		};
		D8A4DCF029FDA4910040F9DC /* ViewModels */ = {
			isa = PBXGroup;
			children = (
			);
			path = ViewModels;
			sourceTree = "<group>";
		};
		D8A4DCF129FDA4A50040F9DC /* Resources */ = {
			isa = PBXGroup;
			children = (
				D8A4DCDB29FD91690040F9DC /* SceneDelegate.swift */,
				D8A4DCD929FD91690040F9DC /* AppDelegate.swift */,
				D8A4DD0529FDB4A30040F9DC /* Extension.swift */,
			);
			path = Resources;
			sourceTree = "<group>";
		};
		D8A4DCF229FDA5280040F9DC /* Storyboards */ = {
			isa = PBXGroup;
			children = (
				D8A4DCE429FD916A0040F9DC /* LaunchScreen.storyboard */,
				D8A4DCDF29FD91690040F9DC /* Main.storyboard */,
			);
			path = Storyboards;
			sourceTree = "<group>";
		};
		D8A4DD0429FDAA030040F9DC /* Login */ = {
			isa = PBXGroup;
			children = (
				D8A4DD0129FDA9A40040F9DC /* RegisterViewController.swift */,
				D8A4DCF329FDA73F0040F9DC /* LoginViewController.swift */,
			);
			path = Login;
			sourceTree = "<group>";
		};
/* End PBXGroup section */

/* Begin PBXNativeTarget section */
		D8A4DCD529FD91690040F9DC /* Messenger */ = {
			isa = PBXNativeTarget;
			buildConfigurationList = D8A4DCEA29FD916A0040F9DC /* Build configuration list for PBXNativeTarget "Messenger" */;
			buildPhases = (
				0D50645A15D181091520E587 /* [CP] Check Pods Manifest.lock */,
				D8A4DCD229FD91690040F9DC /* Sources */,
				D8A4DCD329FD91690040F9DC /* Frameworks */,
				D8A4DCD429FD91690040F9DC /* Resources */,
				CAF6E035DAAB2061E2ED976E /* [CP] Embed Pods Frameworks */,
			);
			buildRules = (
			);
			dependencies = (
			);
			name = Messenger;
			productName = Messenger;
			productReference = D8A4DCD629FD91690040F9DC /* Messenger.app */;
			productType = "com.apple.product-type.application";
		};
/* End PBXNativeTarget section */

/* Begin PBXProject section */
		D8A4DCCE29FD91690040F9DC /* Project object */ = {
			isa = PBXProject;
			attributes = {
				BuildIndependentTargetsInParallel = 1;
				LastSwiftUpdateCheck = 1430;
				LastUpgradeCheck = 1430;
				TargetAttributes = {
					D8A4DCD529FD91690040F9DC = {
						CreatedOnToolsVersion = 14.3;
					};
				};
			};
			buildConfigurationList = D8A4DCD129FD91690040F9DC /* Build configuration list for PBXProject "Messenger" */;
			compatibilityVersion = "Xcode 14.0";
			developmentRegion = en;
			hasScannedForEncodings = 0;
			knownRegions = (
				en,
				Base,
			);
			mainGroup = D8A4DCCD29FD91690040F9DC;
			productRefGroup = D8A4DCD729FD91690040F9DC /* Products */;
			projectDirPath = "";
			projectRoot = "";
			targets = (
				D8A4DCD529FD91690040F9DC /* Messenger */,
			);
		};
/* End PBXProject section */

/* Begin PBXResourcesBuildPhase section */
		D8A4DCD429FD91690040F9DC /* Resources */ = {
			isa = PBXResourcesBuildPhase;
			buildActionMask = 2147483647;
			files = (
				D8A4DCE629FD916A0040F9DC /* LaunchScreen.storyboard in Resources */,
				D831E50829FE41AE00E7B57B /* GoogleService-Info.plist in Resources */,
				D8A4DCE329FD916A0040F9DC /* Assets.xcassets in Resources */,
				D8A4DCE129FD91690040F9DC /* Main.storyboard in Resources */,
			);
			runOnlyForDeploymentPostprocessing = 0;
		};
/* End PBXResourcesBuildPhase section */

/* Begin PBXShellScriptBuildPhase section */
		0D50645A15D181091520E587 /* [CP] Check Pods Manifest.lock */ = {
			isa = PBXShellScriptBuildPhase;
			buildActionMask = 2147483647;
			files = (
			);
			inputFileListPaths = (
			);
			inputPaths = (
				"${PODS_PODFILE_DIR_PATH}/Podfile.lock",
				"${PODS_ROOT}/Manifest.lock",
			);
			name = "[CP] Check Pods Manifest.lock";
			outputFileListPaths = (
			);
			outputPaths = (
				"$(DERIVED_FILE_DIR)/Pods-Messenger-checkManifestLockResult.txt",
			);
			runOnlyForDeploymentPostprocessing = 0;
			shellPath = /bin/sh;
			shellScript = "diff \"${PODS_PODFILE_DIR_PATH}/Podfile.lock\" \"${PODS_ROOT}/Manifest.lock\" > /dev/null\nif [ $? != 0 ] ; then\n    # print error to STDERR\n    echo \"error: The sandbox is not in sync with the Podfile.lock. Run 'pod install' or update your CocoaPods installation.\" >&2\n    exit 1\nfi\n# This output is used by Xcode 'outputs' to avoid re-running this script phase.\necho \"SUCCESS\" > \"${SCRIPT_OUTPUT_FILE_0}\"\n";
			showEnvVarsInLog = 0;
		};
		CAF6E035DAAB2061E2ED976E /* [CP] Embed Pods Frameworks */ = {
			isa = PBXShellScriptBuildPhase;
			buildActionMask = 2147483647;
			files = (
			);
			inputFileListPaths = (
				"${PODS_ROOT}/Target Support Files/Pods-Messenger/Pods-Messenger-frameworks-${CONFIGURATION}-input-files.xcfilelist",
			);
			name = "[CP] Embed Pods Frameworks";
			outputFileListPaths = (
				"${PODS_ROOT}/Target Support Files/Pods-Messenger/Pods-Messenger-frameworks-${CONFIGURATION}-output-files.xcfilelist",
			);
			runOnlyForDeploymentPostprocessing = 0;
			shellPath = /bin/sh;
			shellScript = "\"${PODS_ROOT}/Target Support Files/Pods-Messenger/Pods-Messenger-frameworks.sh\"\n";
			showEnvVarsInLog = 0;
		};
/* End PBXShellScriptBuildPhase section */

/* Begin PBXSourcesBuildPhase section */
		D8A4DCD229FD91690040F9DC /* Sources */ = {
			isa = PBXSourcesBuildPhase;
			buildActionMask = 2147483647;
			files = (
				D8A4DD0229FDA9A40040F9DC /* RegisterViewController.swift in Sources */,
				D8A4DCF429FDA73F0040F9DC /* LoginViewController.swift in Sources */,
				D8A4DCDE29FD91690040F9DC /* ConversationsViewController.swift in Sources */,
				D8A4DCFC29FDA7FB0040F9DC /* NewConvesationViewController.swift in Sources */,
				D8A4DCFA29FDA7B20040F9DC /* VideoPlayerViewController.swift in Sources */,
				D8A4DD0629FDB4A30040F9DC /* Extension.swift in Sources */,
				D8A4DCDA29FD91690040F9DC /* AppDelegate.swift in Sources */,
				D8A4DCFE29FDA8220040F9DC /* ProfileViewController.swift in Sources */,
				D8A4DCDC29FD91690040F9DC /* SceneDelegate.swift in Sources */,
				D8A4DCF829FDA7960040F9DC /* PhotoViewerViewController.swift in Sources */,
			);
			runOnlyForDeploymentPostprocessing = 0;
		};
/* End PBXSourcesBuildPhase section */

/* Begin PBXVariantGroup section */
		D8A4DCDF29FD91690040F9DC /* Main.storyboard */ = {
			isa = PBXVariantGroup;
			children = (
				D8A4DCE029FD91690040F9DC /* Base */,
			);
			name = Main.storyboard;
			sourceTree = "<group>";
		};
		D8A4DCE429FD916A0040F9DC /* LaunchScreen.storyboard */ = {
			isa = PBXVariantGroup;
			children = (
				D8A4DCE529FD916A0040F9DC /* Base */,
			);
			name = LaunchScreen.storyboard;
			sourceTree = "<group>";
		};
/* End PBXVariantGroup section */

/* Begin XCBuildConfiguration section */
		D8A4DCE829FD916A0040F9DC /* Debug */ = {
			isa = XCBuildConfiguration;
			buildSettings = {
				ALWAYS_SEARCH_USER_PATHS = NO;
				CLANG_ANALYZER_NONNULL = YES;
				CLANG_ANALYZER_NUMBER_OBJECT_CONVERSION = YES_AGGRESSIVE;
				CLANG_CXX_LANGUAGE_STANDARD = "gnu++20";
				CLANG_ENABLE_MODULES = YES;
				CLANG_ENABLE_OBJC_ARC = YES;
				CLANG_ENABLE_OBJC_WEAK = YES;
				CLANG_WARN_BLOCK_CAPTURE_AUTORELEASING = YES;
				CLANG_WARN_BOOL_CONVERSION = YES;
				CLANG_WARN_COMMA = YES;
				CLANG_WARN_CONSTANT_CONVERSION = YES;
				CLANG_WARN_DEPRECATED_OBJC_IMPLEMENTATIONS = YES;
				CLANG_WARN_DIRECT_OBJC_ISA_USAGE = YES_ERROR;
				CLANG_WARN_DOCUMENTATION_COMMENTS = YES;
				CLANG_WARN_EMPTY_BODY = YES;
				CLANG_WARN_ENUM_CONVERSION = YES;
				CLANG_WARN_INFINITE_RECURSION = YES;
				CLANG_WARN_INT_CONVERSION = YES;
				CLANG_WARN_NON_LITERAL_NULL_CONVERSION = YES;
				CLANG_WARN_OBJC_IMPLICIT_RETAIN_SELF = YES;
				CLANG_WARN_OBJC_LITERAL_CONVERSION = YES;
				CLANG_WARN_OBJC_ROOT_CLASS = YES_ERROR;
				CLANG_WARN_QUOTED_INCLUDE_IN_FRAMEWORK_HEADER = YES;
				CLANG_WARN_RANGE_LOOP_ANALYSIS = YES;
				CLANG_WARN_STRICT_PROTOTYPES = YES;
				CLANG_WARN_SUSPICIOUS_MOVE = YES;
				CLANG_WARN_UNGUARDED_AVAILABILITY = YES_AGGRESSIVE;
				CLANG_WARN_UNREACHABLE_CODE = YES;
				CLANG_WARN__DUPLICATE_METHOD_MATCH = YES;
				COPY_PHASE_STRIP = NO;
				DEBUG_INFORMATION_FORMAT = dwarf;
				ENABLE_STRICT_OBJC_MSGSEND = YES;
				ENABLE_TESTABILITY = YES;
				GCC_C_LANGUAGE_STANDARD = gnu11;
				GCC_DYNAMIC_NO_PIC = NO;
				GCC_NO_COMMON_BLOCKS = YES;
				GCC_OPTIMIZATION_LEVEL = 0;
				GCC_PREPROCESSOR_DEFINITIONS = (
					"DEBUG=1",
					"$(inherited)",
				);
				GCC_WARN_64_TO_32_BIT_CONVERSION = YES;
				GCC_WARN_ABOUT_RETURN_TYPE = YES_ERROR;
				GCC_WARN_UNDECLARED_SELECTOR = YES;
				GCC_WARN_UNINITIALIZED_AUTOS = YES_AGGRESSIVE;
				GCC_WARN_UNUSED_FUNCTION = YES;
				GCC_WARN_UNUSED_VARIABLE = YES;
				IPHONEOS_DEPLOYMENT_TARGET = 16.4;
				MTL_ENABLE_DEBUG_INFO = INCLUDE_SOURCE;
				MTL_FAST_MATH = YES;
				ONLY_ACTIVE_ARCH = YES;
				SDKROOT = iphoneos;
				SWIFT_ACTIVE_COMPILATION_CONDITIONS = DEBUG;
				SWIFT_OPTIMIZATION_LEVEL = "-Onone";
			};
			name = Debug;
		};
		D8A4DCE929FD916A0040F9DC /* Release */ = {
			isa = XCBuildConfiguration;
			buildSettings = {
				ALWAYS_SEARCH_USER_PATHS = NO;
				CLANG_ANALYZER_NONNULL = YES;
				CLANG_ANALYZER_NUMBER_OBJECT_CONVERSION = YES_AGGRESSIVE;
				CLANG_CXX_LANGUAGE_STANDARD = "gnu++20";
				CLANG_ENABLE_MODULES = YES;
				CLANG_ENABLE_OBJC_ARC = YES;
				CLANG_ENABLE_OBJC_WEAK = YES;
				CLANG_WARN_BLOCK_CAPTURE_AUTORELEASING = YES;
				CLANG_WARN_BOOL_CONVERSION = YES;
				CLANG_WARN_COMMA = YES;
				CLANG_WARN_CONSTANT_CONVERSION = YES;
				CLANG_WARN_DEPRECATED_OBJC_IMPLEMENTATIONS = YES;
				CLANG_WARN_DIRECT_OBJC_ISA_USAGE = YES_ERROR;
				CLANG_WARN_DOCUMENTATION_COMMENTS = YES;
				CLANG_WARN_EMPTY_BODY = YES;
				CLANG_WARN_ENUM_CONVERSION = YES;
				CLANG_WARN_INFINITE_RECURSION = YES;
				CLANG_WARN_INT_CONVERSION = YES;
				CLANG_WARN_NON_LITERAL_NULL_CONVERSION = YES;
				CLANG_WARN_OBJC_IMPLICIT_RETAIN_SELF = YES;
				CLANG_WARN_OBJC_LITERAL_CONVERSION = YES;
				CLANG_WARN_OBJC_ROOT_CLASS = YES_ERROR;
				CLANG_WARN_QUOTED_INCLUDE_IN_FRAMEWORK_HEADER = YES;
				CLANG_WARN_RANGE_LOOP_ANALYSIS = YES;
				CLANG_WARN_STRICT_PROTOTYPES = YES;
				CLANG_WARN_SUSPICIOUS_MOVE = YES;
				CLANG_WARN_UNGUARDED_AVAILABILITY = YES_AGGRESSIVE;
				CLANG_WARN_UNREACHABLE_CODE = YES;
				CLANG_WARN__DUPLICATE_METHOD_MATCH = YES;
				COPY_PHASE_STRIP = NO;
				DEBUG_INFORMATION_FORMAT = "dwarf-with-dsym";
				ENABLE_NS_ASSERTIONS = NO;
				ENABLE_STRICT_OBJC_MSGSEND = YES;
				GCC_C_LANGUAGE_STANDARD = gnu11;
				GCC_NO_COMMON_BLOCKS = YES;
				GCC_WARN_64_TO_32_BIT_CONVERSION = YES;
				GCC_WARN_ABOUT_RETURN_TYPE = YES_ERROR;
				GCC_WARN_UNDECLARED_SELECTOR = YES;
				GCC_WARN_UNINITIALIZED_AUTOS = YES_AGGRESSIVE;
				GCC_WARN_UNUSED_FUNCTION = YES;
				GCC_WARN_UNUSED_VARIABLE = YES;
				IPHONEOS_DEPLOYMENT_TARGET = 16.4;
				MTL_ENABLE_DEBUG_INFO = NO;
				MTL_FAST_MATH = YES;
				SDKROOT = iphoneos;
				SWIFT_COMPILATION_MODE = wholemodule;
				SWIFT_OPTIMIZATION_LEVEL = "-O";
				VALIDATE_PRODUCT = YES;
			};
			name = Release;
		};
		D8A4DCEB29FD916A0040F9DC /* Debug */ = {
			isa = XCBuildConfiguration;
			baseConfigurationReference = 1C58965CCEACB9EC378A29A6 /* Pods-Messenger.debug.xcconfig */;
			buildSettings = {
				ASSETCATALOG_COMPILER_APPICON_NAME = AppIcon;
				ASSETCATALOG_COMPILER_GLOBAL_ACCENT_COLOR_NAME = AccentColor;
				CODE_SIGN_STYLE = Automatic;
				CURRENT_PROJECT_VERSION = 1;
				GENERATE_INFOPLIST_FILE = YES;
				INFOPLIST_FILE = Messenger/Info.plist;
				INFOPLIST_KEY_UIApplicationSupportsIndirectInputEvents = YES;
				INFOPLIST_KEY_UILaunchStoryboardName = LaunchScreen;
				INFOPLIST_KEY_UIMainStoryboardFile = Main;
				INFOPLIST_KEY_UISupportedInterfaceOrientations = UIInterfaceOrientationPortrait;
				INFOPLIST_KEY_UISupportedInterfaceOrientations_iPad = "UIInterfaceOrientationLandscapeLeft UIInterfaceOrientationLandscapeRight UIInterfaceOrientationPortrait UIInterfaceOrientationPortraitUpsideDown";
				IPHONEOS_DEPLOYMENT_TARGET = 13.1;
				LD_RUNPATH_SEARCH_PATHS = (
					"$(inherited)",
					"@executable_path/Frameworks",
				);
				MARKETING_VERSION = 1.0;
				PRODUCT_BUNDLE_IDENTIFIER = jai.Messenger;
				PRODUCT_NAME = "$(TARGET_NAME)";
				SWIFT_EMIT_LOC_STRINGS = YES;
				SWIFT_VERSION = 5.0;
				TARGETED_DEVICE_FAMILY = "1,2";
			};
			name = Debug;
		};
		D8A4DCEC29FD916A0040F9DC /* Release */ = {
			isa = XCBuildConfiguration;
			baseConfigurationReference = 27E9DD4B7CD0A4809ED4F27B /* Pods-Messenger.release.xcconfig */;
			buildSettings = {
				ASSETCATALOG_COMPILER_APPICON_NAME = AppIcon;
				ASSETCATALOG_COMPILER_GLOBAL_ACCENT_COLOR_NAME = AccentColor;
				CODE_SIGN_STYLE = Automatic;
				CURRENT_PROJECT_VERSION = 1;
				GENERATE_INFOPLIST_FILE = YES;
				INFOPLIST_FILE = Messenger/Info.plist;
				INFOPLIST_KEY_UIApplicationSupportsIndirectInputEvents = YES;
				INFOPLIST_KEY_UILaunchStoryboardName = LaunchScreen;
				INFOPLIST_KEY_UIMainStoryboardFile = Main;
				INFOPLIST_KEY_UISupportedInterfaceOrientations = UIInterfaceOrientationPortrait;
				INFOPLIST_KEY_UISupportedInterfaceOrientations_iPad = "UIInterfaceOrientationLandscapeLeft UIInterfaceOrientationLandscapeRight UIInterfaceOrientationPortrait UIInterfaceOrientationPortraitUpsideDown";
				IPHONEOS_DEPLOYMENT_TARGET = 13.1;
				LD_RUNPATH_SEARCH_PATHS = (
					"$(inherited)",
					"@executable_path/Frameworks",
				);
				MARKETING_VERSION = 1.0;
				PRODUCT_BUNDLE_IDENTIFIER = jai.Messenger;
				PRODUCT_NAME = "$(TARGET_NAME)";
				SWIFT_EMIT_LOC_STRINGS = YES;
				SWIFT_VERSION = 5.0;
				TARGETED_DEVICE_FAMILY = "1,2";
			};
			name = Release;
		};
/* End XCBuildConfiguration section */

/* Begin XCConfigurationList section */
		D8A4DCD129FD91690040F9DC /* Build configuration list for PBXProject "Messenger" */ = {
			isa = XCConfigurationList;
			buildConfigurations = (
				D8A4DCE829FD916A0040F9DC /* Debug */,
				D8A4DCE929FD916A0040F9DC /* Release */,
			);
			defaultConfigurationIsVisible = 0;
			defaultConfigurationName = Release;
		};
		D8A4DCEA29FD916A0040F9DC /* Build configuration list for PBXNativeTarget "Messenger" */ = {
			isa = XCConfigurationList;
			buildConfigurations = (
				D8A4DCEB29FD916A0040F9DC /* Debug */,
				D8A4DCEC29FD916A0040F9DC /* Release */,
			);
			defaultConfigurationIsVisible = 0;
			defaultConfigurationName = Release;
		};
/* End XCConfigurationList section */
	};
	rootObject = D8A4DCCE29FD91690040F9DC /* Project object */;
}
